
Microsoft Visual Studio Solution File, Format Version 12.00
# Visual Studio Version 17
VisualStudioVersion = 17.1.32319.34
MinimumVisualStudioVersion = 10.0.40219.1
Project("{9A19103F-16F7-4668-BE54-9A1E7A4F7556}") = "Libarary1_COP", "Libarary1_COP\Libarary1_COP.csproj", "{5E2A6E29-D90E-47E5-877C-2113722B9D61}"
EndProject
Project("{9A19103F-16F7-4668-BE54-9A1E7A4F7556}") = "test_view", "test_view\test_view.csproj", "{C9D861AC-052E-4761-A9FD-30E0166A4961}"
EndProject
Project("{FAE04EC0-301F-11D3-BF4B-00C04F79EFBC}") = "Library2_COP", "Library2_COP\Library2_COP.csproj", "{74530018-8970-42E5-8600-BD3A8D924B47}"
EndProject
Global
	GlobalSection(SolutionConfigurationPlatforms) = preSolution
		Debug|Any CPU = Debug|Any CPU
		Release|Any CPU = Release|Any CPU
	EndGlobalSection
	GlobalSection(ProjectConfigurationPlatforms) = postSolution
		{5E2A6E29-D90E-47E5-877C-2113722B9D61}.Debug|Any CPU.ActiveCfg = Debug|Any CPU
		{5E2A6E29-D90E-47E5-877C-2113722B9D61}.Debug|Any CPU.Build.0 = Debug|Any CPU
		{5E2A6E29-D90E-47E5-877C-2113722B9D61}.Release|Any CPU.ActiveCfg = Release|Any CPU
		{5E2A6E29-D90E-47E5-877C-2113722B9D61}.Release|Any CPU.Build.0 = Release|Any CPU
		{C9D861AC-052E-4761-A9FD-30E0166A4961}.Debug|Any CPU.ActiveCfg = Debug|Any CPU
		{C9D861AC-052E-4761-A9FD-30E0166A4961}.Debug|Any CPU.Build.0 = Debug|Any CPU
		{C9D861AC-052E-4761-A9FD-30E0166A4961}.Release|Any CPU.ActiveCfg = Release|Any CPU
		{C9D861AC-052E-4761-A9FD-30E0166A4961}.Release|Any CPU.Build.0 = Release|Any CPU
		{74530018-8970-42E5-8600-BD3A8D924B47}.Debug|Any CPU.ActiveCfg = Debug|Any CPU
		{74530018-8970-42E5-8600-BD3A8D924B47}.Debug|Any CPU.Build.0 = Debug|Any CPU
		{74530018-8970-42E5-8600-BD3A8D924B47}.Release|Any CPU.ActiveCfg = Release|Any CPU
		{74530018-8970-42E5-8600-BD3A8D924B47}.Release|Any CPU.Build.0 = Release|Any CPU
	EndGlobalSection
	GlobalSection(SolutionProperties) = preSolution
		HideSolutionNode = FALSE
	EndGlobalSection
	GlobalSection(ExtensibilityGlobals) = postSolution
		SolutionGuid = {4C873CF0-48F4-4A95-ABD0-BFCE5BC43EB0}
	EndGlobalSection
EndGlobal
